
Microsoft Visual Studio Solution File, Format Version 12.00
# Visual Studio 15
VisualStudioVersion = 15.0.27130.2003
MinimumVisualStudioVersion = 10.0.40219.1
Project("{FAE04EC0-301F-11D3-BF4B-00C04F79EFBC}") = "ProjetOrm", "ProjetOrm\ProjetOrm.csproj", "{2179D0A0-92FD-4684-9D27-B8E56A85AB48}"
EndProject
Global
	GlobalSection(SolutionConfigurationPlatforms) = preSolution
		Debug|Any CPU = Debug|Any CPU
		Release|Any CPU = Release|Any CPU
	EndGlobalSection
	GlobalSection(ProjectConfigurationPlatforms) = postSolution
		{2179D0A0-92FD-4684-9D27-B8E56A85AB48}.Debug|Any CPU.ActiveCfg = Debug|Any CPU
		{2179D0A0-92FD-4684-9D27-B8E56A85AB48}.Debug|Any CPU.Build.0 = Debug|Any CPU
		{2179D0A0-92FD-4684-9D27-B8E56A85AB48}.Release|Any CPU.ActiveCfg = Release|Any CPU
		{2179D0A0-92FD-4684-9D27-B8E56A85AB48}.Release|Any CPU.Build.0 = Release|Any CPU
	EndGlobalSection
	GlobalSection(SolutionProperties) = preSolution
		HideSolutionNode = FALSE
	EndGlobalSection
	GlobalSection(ExtensibilityGlobals) = postSolution
		SolutionGuid = {CD736662-DF07-459E-9E72-349359B4043A}
	EndGlobalSection
EndGlobal
